<?xml version="1.0" encoding="utf-8"?>
<Project ToolsVersion="4.0" xmlns="http://schemas.microsoft.com/developer/msbuild/2003">
  <ItemGroup>
    <Filter Include="ext">
      <UniqueIdentifier>{147770fe-187a-4217-87e2-54c53efc557d}</UniqueIdentifier>
    </Filter>
    <Filter Include="ext\tinyxml2">
      <UniqueIdentifier>{6ddb2927-b41b-4fc1-aec7-56ba99fae344}</UniqueIdentifier>
    </Filter>
    <Filter Include="src">
      <UniqueIdentifier>{54b9a7d2-ddcd-4c68-9363-9a8cf9455892}</UniqueIdentifier>
    </Filter>
    <Filter Include="src\engine">
      <UniqueIdentifier>{985cb908-ee16-4294-877b-b857bb959406}</UniqueIdentifier>
    </Filter>
    <Filter Include="src\engine\display">
      <UniqueIdentifier>{03a841fc-dfaf-435e-b60d-51268e7a448c}</UniqueIdentifier>
    </Filter>
    <Filter Include="src\game">
      <UniqueIdentifier>{9b21b052-c28f-4274-b54d-9b698c49917f}</UniqueIdentifier>
    </Filter>
    <Filter Include="src\engine\core">
      <UniqueIdentifier>{7249cc1a-5c09-425f-86fd-2e6b0cf8546b}</UniqueIdentifier>
    </Filter>
    <Filter Include="src\engine\file">
      <UniqueIdentifier>{5ed60230-a8a2-4b12-9b3e-67e978705b53}</UniqueIdentifier>
    </Filter>
    <Filter Include="src\engine\entity">
      <UniqueIdentifier>{f30109eb-7c62-4cf3-ac98-3bb356c99b34}</UniqueIdentifier>
    </Filter>
    <Filter Include="src\engine\graphics">
      <UniqueIdentifier>{4eb07d14-7d04-47b5-858b-e8e522c180fa}</UniqueIdentifier>
    </Filter>
    <Filter Include="src\engine\math">
      <UniqueIdentifier>{8c010c29-cfec-4081-a509-fd7963acf277}</UniqueIdentifier>
    </Filter>
  </ItemGroup>
  <ItemGroup>
    <ClInclude Include="ext\tinyxml2\tinyxml2.h">
      <Filter>ext\tinyxml2</Filter>
    </ClInclude>
    <ClInclude Include="src\engine\core\linkedResource.h">
      <Filter>src\engine\core</Filter>
    </ClInclude>
    <ClInclude Include="src\engine\core\error.h">
      <Filter>src\engine\core</Filter>
    </ClInclude>
    <ClInclude Include="src\engine\core\type.h">
      <Filter>src\engine\core</Filter>
    </ClInclude>
    <ClInclude Include="src\engine\core\systemsList.h">
      <Filter>src\engine\core</Filter>
    </ClInclude>
    <ClInclude Include="src\engine\core\core.h">
      <Filter>src\engine\core</Filter>
    </ClInclude>
    <ClInclude Include="src\engine\display\display.h">
      <Filter>src\engine\display</Filter>
    </ClInclude>
    <ClInclude Include="src\engine\display\renderer.h">
      <Filter>src\engine\display</Filter>
    </ClInclude>
    <ClInclude Include="src\engine\display\window.h">
      <Filter>src\engine\display</Filter>
    </ClInclude>
    <ClInclude Include="src\engine\engine.h">
      <Filter>src\engine</Filter>
    </ClInclude>
    <ClInclude Include="src\engine\file\resource.h">
      <Filter>src\engine\file</Filter>
    </ClInclude>
    <ClInclude Include="src\engine\file\texture.h">
      <Filter>src\engine\file</Filter>
    </ClInclude>
    <ClInclude Include="src\engine\file\file.h">
      <Filter>src\engine\file</Filter>
    </ClInclude>
    <ClInclude Include="src\engine\file\manager.h">
      <Filter>src\engine\file</Filter>
    </ClInclude>
    <ClInclude Include="src\engine\core\log.h">
      <Filter>src\engine\core</Filter>
    </ClInclude>
    <ClInclude Include="src\engine\entity\message.h">
      <Filter>src\engine\entity</Filter>
    </ClInclude>
    <ClInclude Include="src\engine\entity\component.h">
      <Filter>src\engine\entity</Filter>
    </ClInclude>
    <ClInclude Include="src\engine\entity\entity.h">
      <Filter>src\engine\entity</Filter>
    </ClInclude>
    <ClInclude Include="src\engine\entity\entity_includes.h">
      <Filter>src\engine\entity</Filter>
    </ClInclude>
    <ClInclude Include="src\engine\entity\node.h">
      <Filter>src\engine\entity</Filter>
    </ClInclude>
    <ClInclude Include="src\engine\graphics\graphicsComponent.h">
      <Filter>src\engine\graphics</Filter>
    </ClInclude>
    <ClInclude Include="src\engine\math\vector2d.h">
      <Filter>src\engine\math</Filter>
    </ClInclude>
    <ClInclude Include="src\engine\math\math.h">
      <Filter>src\engine\math</Filter>
    </ClInclude>
    <ClInclude Include="src\engine\graphics\sprite.h">
      <Filter>src\engine\graphics</Filter>
    </ClInclude>
    <ClInclude Include="src\engine\graphics\graphicsSystem.h">
      <Filter>src\engine\graphics</Filter>
    </ClInclude>
  </ItemGroup>
  <ItemGroup>
    <ClCompile Include="ext\tinyxml2\tinyxml2.cpp">
      <Filter>ext\tinyxml2</Filter>
    </ClCompile>
    <ClCompile Include="src\game\main.cpp">
      <Filter>src\game</Filter>
    </ClCompile>
    <ClCompile Include="src\engine\core\linkedResource.cpp">
      <Filter>src\engine\core</Filter>
    </ClCompile>
    <ClCompile Include="src\engine\core\error.cpp">
      <Filter>src\engine\core</Filter>
    </ClCompile>
    <ClCompile Include="src\engine\core\type.cpp">
      <Filter>src\engine\core</Filter>
    </ClCompile>
    <ClCompile Include="src\engine\display\renderer.cpp">
      <Filter>src\engine\display</Filter>
    </ClCompile>
    <ClCompile Include="src\engine\display\window.cpp">
      <Filter>src\engine\display</Filter>
    </ClCompile>
    <ClCompile Include="src\engine\file\resource.cpp">
      <Filter>src\engine\file</Filter>
    </ClCompile>
    <ClCompile Include="src\engine\file\texture.cpp">
      <Filter>src\engine\file</Filter>
    </ClCompile>
    <ClCompile Include="src\engine\file\manager.cpp">
      <Filter>src\engine\file</Filter>
    </ClCompile>
    <ClCompile Include="src\engine\core\log.cpp">
      <Filter>src\engine\core</Filter>
    </ClCompile>
    <ClCompile Include="src\engine\entity\component.cpp">
      <Filter>src\engine\entity</Filter>
    </ClCompile>
    <ClCompile Include="src\engine\entity\message.cpp">
      <Filter>src\engine\entity</Filter>
    </ClCompile>
    <ClCompile Include="src\engine\entity\entity.cpp">
      <Filter>src\engine\entity</Filter>
    </ClCompile>
    <ClCompile Include="src\engine\math\vector2d.cpp">
      <Filter>src\engine\math</Filter>
    </ClCompile>
    <ClCompile Include="src\engine\graphics\sprite.cpp">
      <Filter>src\engine\graphics</Filter>
    </ClCompile>
    <ClCompile Include="src\engine\graphics\graphicsComponent.cpp">
      <Filter>src\engine\graphics</Filter>
    </ClCompile>
    <ClCompile Include="src\engine\graphics\graphicsSystem.cpp">
      <Filter>src\engine\graphics</Filter>
    </ClCompile>
  </ItemGroup>
</Project>